// !$*UTF8*$!
{
	archiveVersion = 1;
	classes = {
	};
	objectVersion = 46;
	objects = {

/* Begin PBXBuildFile section */
		0952509B1EA8D64000674705 /* AppDelegate.swift in Sources */ = {isa = PBXBuildFile; fileRef = 0952509A1EA8D64000674705 /* AppDelegate.swift */; };
		0952509D1EA8D64000674705 /* HomeViewController.swift in Sources */ = {isa = PBXBuildFile; fileRef = 0952509C1EA8D64000674705 /* HomeViewController.swift */; };
		095250A21EA8D64000674705 /* Assets.xcassets in Resources */ = {isa = PBXBuildFile; fileRef = 095250A11EA8D64000674705 /* Assets.xcassets */; };
		095250A51EA8D64000674705 /* LaunchScreen.storyboard in Resources */ = {isa = PBXBuildFile; fileRef = 095250A31EA8D64000674705 /* LaunchScreen.storyboard */; };
		095250BC1EA8D77B00674705 /* Localizable.strings in Resources */ = {isa = PBXBuildFile; fileRef = 095250BA1EA8D77B00674705 /* Localizable.strings */; };
		095250E61EA8E11300674705 /* Photos.storyboard in Resources */ = {isa = PBXBuildFile; fileRef = 095250E51EA8E11300674705 /* Photos.storyboard */; };
		095250E81EA8E12000674705 /* SlideShowViewController.swift in Sources */ = {isa = PBXBuildFile; fileRef = 095250E71EA8E12000674705 /* SlideShowViewController.swift */; };
		095250EA1EAAAF0600674705 /* Avenir.ttc in Resources */ = {isa = PBXBuildFile; fileRef = 095250E91EAAAF0600674705 /* Avenir.ttc */; };
		095250EC1EAB6C9000674705 /* EditViewController.swift in Sources */ = {isa = PBXBuildFile; fileRef = 095250EB1EAB6C9000674705 /* EditViewController.swift */; };
		095250F01EAB73BB00674705 /* ImageMetaData.swift in Sources */ = {isa = PBXBuildFile; fileRef = 095250EF1EAB73BB00674705 /* ImageMetaData.swift */; };
		095250F41EAB970500674705 /* Main.storyboard in Resources */ = {isa = PBXBuildFile; fileRef = 095250F31EAB970500674705 /* Main.storyboard */; };
		095514F51EABE7A1005AAAC6 /* NavigationPopConfirmation.swift in Sources */ = {isa = PBXBuildFile; fileRef = 095514F41EABE7A1005AAAC6 /* NavigationPopConfirmation.swift */; };
		095514F81EAC08BF005AAAC6 /* UIViewController+Alert.swift in Sources */ = {isa = PBXBuildFile; fileRef = 095514F71EAC08BF005AAAC6 /* UIViewController+Alert.swift */; };
		095514FB1EAC1211005AAAC6 /* FieldsCycler.swift in Sources */ = {isa = PBXBuildFile; fileRef = 095514FA1EAC1211005AAAC6 /* FieldsCycler.swift */; };
/* End PBXBuildFile section */

/* Begin PBXFileReference section */
		095250971EA8D64000674705 /* CodeGen.app */ = {isa = PBXFileReference; explicitFileType = wrapper.application; includeInIndex = 0; path = CodeGen.app; sourceTree = BUILT_PRODUCTS_DIR; };
		0952509A1EA8D64000674705 /* AppDelegate.swift */ = {isa = PBXFileReference; lastKnownFileType = sourcecode.swift; path = AppDelegate.swift; sourceTree = "<group>"; };
		0952509C1EA8D64000674705 /* HomeViewController.swift */ = {isa = PBXFileReference; lastKnownFileType = sourcecode.swift; path = HomeViewController.swift; sourceTree = "<group>"; };
		095250A11EA8D64000674705 /* Assets.xcassets */ = {isa = PBXFileReference; lastKnownFileType = folder.assetcatalog; path = Assets.xcassets; sourceTree = "<group>"; };
		095250A41EA8D64000674705 /* Base */ = {isa = PBXFileReference; lastKnownFileType = file.storyboard; name = Base; path = Base.lproj/LaunchScreen.storyboard; sourceTree = "<group>"; };
		095250A61EA8D64000674705 /* Info.plist */ = {isa = PBXFileReference; lastKnownFileType = text.plist.xml; path = Info.plist; sourceTree = "<group>"; };
		095250BB1EA8D77B00674705 /* Base */ = {isa = PBXFileReference; lastKnownFileType = text.plist.strings; name = Base; path = Base.lproj/Localizable.strings; sourceTree = "<group>"; };
		095250BD1EA8D79A00674705 /* fr */ = {isa = PBXFileReference; lastKnownFileType = text.plist.strings; name = fr; path = fr.lproj/Localizable.strings; sourceTree = "<group>"; };
		095250BE1EA8D7AF00674705 /* hu */ = {isa = PBXFileReference; lastKnownFileType = text.plist.strings; name = hu; path = hu.lproj/Localizable.strings; sourceTree = "<group>"; };
		095250E51EA8E11300674705 /* Photos.storyboard */ = {isa = PBXFileReference; fileEncoding = 4; lastKnownFileType = file.storyboard; path = Photos.storyboard; sourceTree = "<group>"; };
		095250E71EA8E12000674705 /* SlideShowViewController.swift */ = {isa = PBXFileReference; fileEncoding = 4; lastKnownFileType = sourcecode.swift; path = SlideShowViewController.swift; sourceTree = "<group>"; };
		095250E91EAAAF0600674705 /* Avenir.ttc */ = {isa = PBXFileReference; lastKnownFileType = file; path = Avenir.ttc; sourceTree = "<group>"; };
		095250EB1EAB6C9000674705 /* EditViewController.swift */ = {isa = PBXFileReference; fileEncoding = 4; lastKnownFileType = sourcecode.swift; path = EditViewController.swift; sourceTree = "<group>"; };
		095250EF1EAB73BB00674705 /* ImageMetaData.swift */ = {isa = PBXFileReference; fileEncoding = 4; lastKnownFileType = sourcecode.swift; path = ImageMetaData.swift; sourceTree = "<group>"; };
		095250F31EAB970500674705 /* Main.storyboard */ = {isa = PBXFileReference; fileEncoding = 4; lastKnownFileType = file.storyboard; path = Main.storyboard; sourceTree = "<group>"; };
		095514F41EABE7A1005AAAC6 /* NavigationPopConfirmation.swift */ = {isa = PBXFileReference; fileEncoding = 4; lastKnownFileType = sourcecode.swift; path = NavigationPopConfirmation.swift; sourceTree = "<group>"; };
		095514F71EAC08BF005AAAC6 /* UIViewController+Alert.swift */ = {isa = PBXFileReference; fileEncoding = 4; lastKnownFileType = sourcecode.swift; path = "UIViewController+Alert.swift"; sourceTree = "<group>"; };
		095514FA1EAC1211005AAAC6 /* FieldsCycler.swift */ = {isa = PBXFileReference; fileEncoding = 4; lastKnownFileType = sourcecode.swift; path = FieldsCycler.swift; sourceTree = "<group>"; };
/* End PBXFileReference section */

/* Begin PBXFrameworksBuildPhase section */
		095250941EA8D64000674705 /* Frameworks */ = {
			isa = PBXFrameworksBuildPhase;
			buildActionMask = 2147483647;
			files = (
			);
			runOnlyForDeploymentPostprocessing = 0;
		};
/* End PBXFrameworksBuildPhase section */

/* Begin PBXGroup section */
		0952508E1EA8D64000674705 = {
			isa = PBXGroup;
			children = (
				095250991EA8D64000674705 /* CodeGen */,
				095250981EA8D64000674705 /* Products */,
			);
			sourceTree = "<group>";
		};
		095250981EA8D64000674705 /* Products */ = {
			isa = PBXGroup;
			children = (
				095250971EA8D64000674705 /* CodeGen.app */,
			);
			name = Products;
			sourceTree = "<group>";
		};
		095250991EA8D64000674705 /* CodeGen */ = {
			isa = PBXGroup;
			children = (
				0952509A1EA8D64000674705 /* AppDelegate.swift */,
				095514F61EABE915005AAAC6 /* ViewControllers */,
				095250EF1EAB73BB00674705 /* ImageMetaData.swift */,
				095514F91EAC10EA005AAAC6 /* Utils */,
				095250BF1EA8D85500674705 /* Resources */,
				095250A31EA8D64000674705 /* LaunchScreen.storyboard */,
				095250A61EA8D64000674705 /* Info.plist */,
			);
			path = CodeGen;
			sourceTree = "<group>";
		};
		095250BF1EA8D85500674705 /* Resources */ = {
			isa = PBXGroup;
			children = (
				095250A11EA8D64000674705 /* Assets.xcassets */,
				095250BA1EA8D77B00674705 /* Localizable.strings */,
				095250C01EA8D96900674705 /* Fonts */,
			);
			name = Resources;
			sourceTree = "<group>";
		};
		095250C01EA8D96900674705 /* Fonts */ = {
			isa = PBXGroup;
			children = (
				095250E91EAAAF0600674705 /* Avenir.ttc */,
			);
			path = Fonts;
			sourceTree = "<group>";
		};
		095514F61EABE915005AAAC6 /* ViewControllers */ = {
			isa = PBXGroup;
			children = (
				095250F31EAB970500674705 /* Main.storyboard */,
				0952509C1EA8D64000674705 /* HomeViewController.swift */,
				095250E51EA8E11300674705 /* Photos.storyboard */,
				095250E71EA8E12000674705 /* SlideShowViewController.swift */,
				095250EB1EAB6C9000674705 /* EditViewController.swift */,
			);
			path = ViewControllers;
			sourceTree = "<group>";
		};
		095514F91EAC10EA005AAAC6 /* Utils */ = {
			isa = PBXGroup;
			children = (
				095514F41EABE7A1005AAAC6 /* NavigationPopConfirmation.swift */,
				095514F71EAC08BF005AAAC6 /* UIViewController+Alert.swift */,
				095514FA1EAC1211005AAAC6 /* FieldsCycler.swift */,
			);
			path = Utils;
			sourceTree = "<group>";
		};
/* End PBXGroup section */

/* Begin PBXNativeTarget section */
		095250961EA8D64000674705 /* CodeGen */ = {
			isa = PBXNativeTarget;
			buildConfigurationList = 095250B41EA8D64000674705 /* Build configuration list for PBXNativeTarget "CodeGen" */;
			buildPhases = (
				095250F61EABA77F00674705 /* ⚠️ TODOs & FIXMEs */,
				095250931EA8D64000674705 /* Sources */,
				095250941EA8D64000674705 /* Frameworks */,
				095250951EA8D64000674705 /* Resources */,
			);
			buildRules = (
			);
			dependencies = (
			);
			name = CodeGen;
			productName = CodeGen;
			productReference = 095250971EA8D64000674705 /* CodeGen.app */;
			productType = "com.apple.product-type.application";
		};
/* End PBXNativeTarget section */

/* Begin PBXProject section */
		0952508F1EA8D64000674705 /* Project object */ = {
			isa = PBXProject;
			attributes = {
				LastSwiftUpdateCheck = 0830;
				LastUpgradeCheck = 0830;
				ORGANIZATIONNAME = AliSoftware;
				TargetAttributes = {
					095250961EA8D64000674705 = {
						CreatedOnToolsVersion = 8.3.2;
						DevelopmentTeam = YC775YC6LJ;
						ProvisioningStyle = Automatic;
					};
				};
			};
			buildConfigurationList = 095250921EA8D64000674705 /* Build configuration list for PBXProject "CodeGen" */;
			compatibilityVersion = "Xcode 3.2";
			developmentRegion = English;
			hasScannedForEncodings = 0;
			knownRegions = (
				en,
				Base,
				fr,
				hu,
			);
			mainGroup = 0952508E1EA8D64000674705;
			productRefGroup = 095250981EA8D64000674705 /* Products */;
			projectDirPath = "";
			projectRoot = "";
			targets = (
				095250961EA8D64000674705 /* CodeGen */,
			);
		};
/* End PBXProject section */

/* Begin PBXResourcesBuildPhase section */
		095250951EA8D64000674705 /* Resources */ = {
			isa = PBXResourcesBuildPhase;
			buildActionMask = 2147483647;
			files = (
				095250A51EA8D64000674705 /* LaunchScreen.storyboard in Resources */,
				095250BC1EA8D77B00674705 /* Localizable.strings in Resources */,
				095250EA1EAAAF0600674705 /* Avenir.ttc in Resources */,
				095250F41EAB970500674705 /* Main.storyboard in Resources */,
				095250A21EA8D64000674705 /* Assets.xcassets in Resources */,
				095250E61EA8E11300674705 /* Photos.storyboard in Resources */,
			);
			runOnlyForDeploymentPostprocessing = 0;
		};
/* End PBXResourcesBuildPhase section */

/* Begin PBXShellScriptBuildPhase section */
		095250F61EABA77F00674705 /* ⚠️ TODOs & FIXMEs */ = {
			isa = PBXShellScriptBuildPhase;
			buildActionMask = 2147483647;
			files = (
			);
			inputPaths = (
			);
			name = "⚠️ TODOs & FIXMEs";
			outputPaths = (
			);
			runOnlyForDeploymentPostprocessing = 0;
			shellPath = /bin/sh;
			shellScript = "TAGS=\"TODO:|FIXME:\"\nfind \"${SRCROOT}\" \\( -name \"*.h\" -or -name \"*.m\" -or -name \"*.swift\" \\) -print0 | xargs -0 egrep --with-filename --line-number --only-matching \"($TAGS).*\\$\" | perl -p -e \"s/($TAGS)/ warning: \\$1/\"";
			showEnvVarsInLog = 0;
		};
/* End PBXShellScriptBuildPhase section */

/* Begin PBXSourcesBuildPhase section */
		095250931EA8D64000674705 /* Sources */ = {
			isa = PBXSourcesBuildPhase;
			buildActionMask = 2147483647;
			files = (
				095250EC1EAB6C9000674705 /* EditViewController.swift in Sources */,
				095250F01EAB73BB00674705 /* ImageMetaData.swift in Sources */,
				0952509D1EA8D64000674705 /* HomeViewController.swift in Sources */,
				0952509B1EA8D64000674705 /* AppDelegate.swift in Sources */,
				095514F51EABE7A1005AAAC6 /* NavigationPopConfirmation.swift in Sources */,
				095250E81EA8E12000674705 /* SlideShowViewController.swift in Sources */,
				095514FB1EAC1211005AAAC6 /* FieldsCycler.swift in Sources */,
				095514F81EAC08BF005AAAC6 /* UIViewController+Alert.swift in Sources */,
			);
			runOnlyForDeploymentPostprocessing = 0;
		};
/* End PBXSourcesBuildPhase section */

/* Begin PBXVariantGroup section */
		095250A31EA8D64000674705 /* LaunchScreen.storyboard */ = {
			isa = PBXVariantGroup;
			children = (
				095250A41EA8D64000674705 /* Base */,
			);
			name = LaunchScreen.storyboard;
			sourceTree = "<group>";
		};
		095250BA1EA8D77B00674705 /* Localizable.strings */ = {
			isa = PBXVariantGroup;
			children = (
				095250BB1EA8D77B00674705 /* Base */,
				095250BD1EA8D79A00674705 /* fr */,
				095250BE1EA8D7AF00674705 /* hu */,
			);
			name = Localizable.strings;
			sourceTree = "<group>";
		};
/* End PBXVariantGroup section */

/* Begin XCBuildConfiguration section */
		095250B21EA8D64000674705 /* Debug */ = {
			isa = XCBuildConfiguration;
			buildSettings = {
				ALWAYS_SEARCH_USER_PATHS = NO;
				CLANG_ANALYZER_LOCALIZABILITY_NONLOCALIZED = YES;
				CLANG_ANALYZER_NONNULL = YES;
				CLANG_ANALYZER_NUMBER_OBJECT_CONVERSION = YES_AGGRESSIVE;
				CLANG_CXX_LANGUAGE_STANDARD = "gnu++0x";
				CLANG_CXX_LIBRARY = "libc++";
				CLANG_ENABLE_MODULES = YES;
				CLANG_ENABLE_OBJC_ARC = YES;
				CLANG_WARN_BOOL_CONVERSION = YES;
				CLANG_WARN_CONSTANT_CONVERSION = YES;
				CLANG_WARN_DIRECT_OBJC_ISA_USAGE = YES_ERROR;
				CLANG_WARN_DOCUMENTATION_COMMENTS = YES;
				CLANG_WARN_EMPTY_BODY = YES;
				CLANG_WARN_ENUM_CONVERSION = YES;
				CLANG_WARN_INFINITE_RECURSION = YES;
				CLANG_WARN_INT_CONVERSION = YES;
				CLANG_WARN_OBJC_ROOT_CLASS = YES_ERROR;
				CLANG_WARN_SUSPICIOUS_MOVE = YES;
				CLANG_WARN_UNREACHABLE_CODE = YES;
				CLANG_WARN__DUPLICATE_METHOD_MATCH = YES;
				"CODE_SIGN_IDENTITY[sdk=iphoneos*]" = "iPhone Developer";
				COPY_PHASE_STRIP = NO;
				DEBUG_INFORMATION_FORMAT = dwarf;
				ENABLE_STRICT_OBJC_MSGSEND = YES;
				ENABLE_TESTABILITY = YES;
				GCC_C_LANGUAGE_STANDARD = gnu99;
				GCC_DYNAMIC_NO_PIC = NO;
				GCC_NO_COMMON_BLOCKS = YES;
				GCC_OPTIMIZATION_LEVEL = 0;
				GCC_PREPROCESSOR_DEFINITIONS = (
					"DEBUG=1",
					"$(inherited)",
				);
				GCC_WARN_64_TO_32_BIT_CONVERSION = YES;
				GCC_WARN_ABOUT_RETURN_TYPE = YES_ERROR;
				GCC_WARN_UNDECLARED_SELECTOR = YES;
				GCC_WARN_UNINITIALIZED_AUTOS = YES_AGGRESSIVE;
				GCC_WARN_UNUSED_FUNCTION = YES;
				GCC_WARN_UNUSED_VARIABLE = YES;
				IPHONEOS_DEPLOYMENT_TARGET = 10.3;
				MTL_ENABLE_DEBUG_INFO = YES;
				ONLY_ACTIVE_ARCH = YES;
				SDKROOT = iphoneos;
				SWIFT_ACTIVE_COMPILATION_CONDITIONS = DEBUG;
				SWIFT_OPTIMIZATION_LEVEL = "-Onone";
				TARGETED_DEVICE_FAMILY = "1,2";
			};
			name = Debug;
		};
		095250B31EA8D64000674705 /* Release */ = {
			isa = XCBuildConfiguration;
			buildSettings = {
				ALWAYS_SEARCH_USER_PATHS = NO;
				CLANG_ANALYZER_LOCALIZABILITY_NONLOCALIZED = YES;
				CLANG_ANALYZER_NONNULL = YES;
				CLANG_ANALYZER_NUMBER_OBJECT_CONVERSION = YES_AGGRESSIVE;
				CLANG_CXX_LANGUAGE_STANDARD = "gnu++0x";
				CLANG_CXX_LIBRARY = "libc++";
				CLANG_ENABLE_MODULES = YES;
				CLANG_ENABLE_OBJC_ARC = YES;
				CLANG_WARN_BOOL_CONVERSION = YES;
				CLANG_WARN_CONSTANT_CONVERSION = YES;
				CLANG_WARN_DIRECT_OBJC_ISA_USAGE = YES_ERROR;
				CLANG_WARN_DOCUMENTATION_COMMENTS = YES;
				CLANG_WARN_EMPTY_BODY = YES;
				CLANG_WARN_ENUM_CONVERSION = YES;
				CLANG_WARN_INFINITE_RECURSION = YES;
				CLANG_WARN_INT_CONVERSION = YES;
				CLANG_WARN_OBJC_ROOT_CLASS = YES_ERROR;
				CLANG_WARN_SUSPICIOUS_MOVE = YES;
				CLANG_WARN_UNREACHABLE_CODE = YES;
				CLANG_WARN__DUPLICATE_METHOD_MATCH = YES;
				"CODE_SIGN_IDENTITY[sdk=iphoneos*]" = "iPhone Developer";
				COPY_PHASE_STRIP = NO;
				DEBUG_INFORMATION_FORMAT = "dwarf-with-dsym";
				ENABLE_NS_ASSERTIONS = NO;
				ENABLE_STRICT_OBJC_MSGSEND = YES;
				GCC_C_LANGUAGE_STANDARD = gnu99;
				GCC_NO_COMMON_BLOCKS = YES;
				GCC_WARN_64_TO_32_BIT_CONVERSION = YES;
				GCC_WARN_ABOUT_RETURN_TYPE = YES_ERROR;
				GCC_WARN_UNDECLARED_SELECTOR = YES;
				GCC_WARN_UNINITIALIZED_AUTOS = YES_AGGRESSIVE;
				GCC_WARN_UNUSED_FUNCTION = YES;
				GCC_WARN_UNUSED_VARIABLE = YES;
				IPHONEOS_DEPLOYMENT_TARGET = 10.3;
				MTL_ENABLE_DEBUG_INFO = NO;
				SDKROOT = iphoneos;
				SWIFT_OPTIMIZATION_LEVEL = "-Owholemodule";
				TARGETED_DEVICE_FAMILY = "1,2";
				VALIDATE_PRODUCT = YES;
			};
			name = Release;
		};
		095250B51EA8D64000674705 /* Debug */ = {
			isa = XCBuildConfiguration;
			buildSettings = {
				ASSETCATALOG_COMPILER_APPICON_NAME = AppIcon;
				DEVELOPMENT_TEAM = YC775YC6LJ;
				INFOPLIST_FILE = CodeGen/Info.plist;
				LD_RUNPATH_SEARCH_PATHS = "$(inherited) @executable_path/Frameworks";
				PRODUCT_BUNDLE_IDENTIFIER = com.alisoftware.CodeGen;
				PRODUCT_NAME = "$(TARGET_NAME)";
				SWIFT_VERSION = 3.0;
			};
			name = Debug;
		};
		095250B61EA8D64000674705 /* Release */ = {
			isa = XCBuildConfiguration;
			buildSettings = {
				ASSETCATALOG_COMPILER_APPICON_NAME = AppIcon;
				DEVELOPMENT_TEAM = YC775YC6LJ;
				INFOPLIST_FILE = CodeGen/Info.plist;
				LD_RUNPATH_SEARCH_PATHS = "$(inherited) @executable_path/Frameworks";
				PRODUCT_BUNDLE_IDENTIFIER = com.alisoftware.CodeGen;
				PRODUCT_NAME = "$(TARGET_NAME)";
				SWIFT_VERSION = 3.0;
			};
			name = Release;
		};
/* End XCBuildConfiguration section */

/* Begin XCConfigurationList section */
		095250921EA8D64000674705 /* Build configuration list for PBXProject "CodeGen" */ = {
			isa = XCConfigurationList;
			buildConfigurations = (
				095250B21EA8D64000674705 /* Debug */,
				095250B31EA8D64000674705 /* Release */,
			);
			defaultConfigurationIsVisible = 0;
			defaultConfigurationName = Release;
		};
		095250B41EA8D64000674705 /* Build configuration list for PBXNativeTarget "CodeGen" */ = {
			isa = XCConfigurationList;
			buildConfigurations = (
				095250B51EA8D64000674705 /* Debug */,
				095250B61EA8D64000674705 /* Release */,
			);
			defaultConfigurationIsVisible = 0;
			defaultConfigurationName = Release;
		};
/* End XCConfigurationList section */
	};
	rootObject = 0952508F1EA8D64000674705 /* Project object */;
}
